
Microsoft Visual Studio Solution File, Format Version 12.00
# Visual Studio 15
VisualStudioVersion = 15.0.26124.0
MinimumVisualStudioVersion = 15.0.26124.0
Project("{FAE04EC0-301F-11D3-BF4B-00C04F79EFBC}") = "DataStructures", "1. DataStructures\DataStructures.csproj", "{84C10B8A-39FF-4AE0-8014-F8BD8E8B8778}"
EndProject
Project("{FAE04EC0-301F-11D3-BF4B-00C04F79EFBC}") = "Tests", "Tests\Tests.csproj", "{751F27AF-8F8B-4449-9CC1-BDF8D661405F}"
EndProject
Global
	GlobalSection(SolutionConfigurationPlatforms) = preSolution
		Debug|Any CPU = Debug|Any CPU
		Debug|x64 = Debug|x64
		Debug|x86 = Debug|x86
		Release|Any CPU = Release|Any CPU
		Release|x64 = Release|x64
		Release|x86 = Release|x86
	EndGlobalSection
	GlobalSection(SolutionProperties) = preSolution
		HideSolutionNode = FALSE
	EndGlobalSection
	GlobalSection(ProjectConfigurationPlatforms) = postSolution
		{84C10B8A-39FF-4AE0-8014-F8BD8E8B8778}.Debug|Any CPU.ActiveCfg = Debug|Any CPU
		{84C10B8A-39FF-4AE0-8014-F8BD8E8B8778}.Debug|Any CPU.Build.0 = Debug|Any CPU
		{84C10B8A-39FF-4AE0-8014-F8BD8E8B8778}.Debug|x64.ActiveCfg = Debug|Any CPU
		{84C10B8A-39FF-4AE0-8014-F8BD8E8B8778}.Debug|x64.Build.0 = Debug|Any CPU
		{84C10B8A-39FF-4AE0-8014-F8BD8E8B8778}.Debug|x86.ActiveCfg = Debug|Any CPU
		{84C10B8A-39FF-4AE0-8014-F8BD8E8B8778}.Debug|x86.Build.0 = Debug|Any CPU
		{84C10B8A-39FF-4AE0-8014-F8BD8E8B8778}.Release|Any CPU.ActiveCfg = Release|Any CPU
		{84C10B8A-39FF-4AE0-8014-F8BD8E8B8778}.Release|Any CPU.Build.0 = Release|Any CPU
		{84C10B8A-39FF-4AE0-8014-F8BD8E8B8778}.Release|x64.ActiveCfg = Release|Any CPU
		{84C10B8A-39FF-4AE0-8014-F8BD8E8B8778}.Release|x64.Build.0 = Release|Any CPU
		{84C10B8A-39FF-4AE0-8014-F8BD8E8B8778}.Release|x86.ActiveCfg = Release|Any CPU
		{84C10B8A-39FF-4AE0-8014-F8BD8E8B8778}.Release|x86.Build.0 = Release|Any CPU
		{751F27AF-8F8B-4449-9CC1-BDF8D661405F}.Debug|Any CPU.ActiveCfg = Debug|Any CPU
		{751F27AF-8F8B-4449-9CC1-BDF8D661405F}.Debug|Any CPU.Build.0 = Debug|Any CPU
		{751F27AF-8F8B-4449-9CC1-BDF8D661405F}.Debug|x64.ActiveCfg = Debug|Any CPU
		{751F27AF-8F8B-4449-9CC1-BDF8D661405F}.Debug|x64.Build.0 = Debug|Any CPU
		{751F27AF-8F8B-4449-9CC1-BDF8D661405F}.Debug|x86.ActiveCfg = Debug|Any CPU
		{751F27AF-8F8B-4449-9CC1-BDF8D661405F}.Debug|x86.Build.0 = Debug|Any CPU
		{751F27AF-8F8B-4449-9CC1-BDF8D661405F}.Release|Any CPU.ActiveCfg = Release|Any CPU
		{751F27AF-8F8B-4449-9CC1-BDF8D661405F}.Release|Any CPU.Build.0 = Release|Any CPU
		{751F27AF-8F8B-4449-9CC1-BDF8D661405F}.Release|x64.ActiveCfg = Release|Any CPU
		{751F27AF-8F8B-4449-9CC1-BDF8D661405F}.Release|x64.Build.0 = Release|Any CPU
		{751F27AF-8F8B-4449-9CC1-BDF8D661405F}.Release|x86.ActiveCfg = Release|Any CPU
		{751F27AF-8F8B-4449-9CC1-BDF8D661405F}.Release|x86.Build.0 = Release|Any CPU
	EndGlobalSection
EndGlobal
