
Microsoft Visual Studio Solution File, Format Version 12.00
# Visual Studio 15
VisualStudioVersion = 15.0.26124.0
MinimumVisualStudioVersion = 15.0.26124.0
Project("{FAE04EC0-301F-11D3-BF4B-00C04F79EFBC}") = "Introduction", "1. Introduction\Introduction.csproj", "{27B03512-E1E8-4F4B-AEAA-42E6E0AEF272}"
EndProject
Project("{FAE04EC0-301F-11D3-BF4B-00C04F79EFBC}") = "Features", "2. Features C#\Features.csproj", "{CE96A52E-25F7-4253-8590-A6C07B22E60E}"
EndProject
Project("{FAE04EC0-301F-11D3-BF4B-00C04F79EFBC}") = "Queries", "3. Queries\Queries.csproj", "{B1B5F84D-1255-4162-A656-85FB26AB42A1}"
EndProject
Global
	GlobalSection(SolutionConfigurationPlatforms) = preSolution
		Debug|Any CPU = Debug|Any CPU
		Debug|x64 = Debug|x64
		Debug|x86 = Debug|x86
		Release|Any CPU = Release|Any CPU
		Release|x64 = Release|x64
		Release|x86 = Release|x86
	EndGlobalSection
	GlobalSection(SolutionProperties) = preSolution
		HideSolutionNode = FALSE
	EndGlobalSection
	GlobalSection(ProjectConfigurationPlatforms) = postSolution
		{27B03512-E1E8-4F4B-AEAA-42E6E0AEF272}.Debug|Any CPU.ActiveCfg = Debug|Any CPU
		{27B03512-E1E8-4F4B-AEAA-42E6E0AEF272}.Debug|Any CPU.Build.0 = Debug|Any CPU
		{27B03512-E1E8-4F4B-AEAA-42E6E0AEF272}.Debug|x64.ActiveCfg = Debug|Any CPU
		{27B03512-E1E8-4F4B-AEAA-42E6E0AEF272}.Debug|x64.Build.0 = Debug|Any CPU
		{27B03512-E1E8-4F4B-AEAA-42E6E0AEF272}.Debug|x86.ActiveCfg = Debug|Any CPU
		{27B03512-E1E8-4F4B-AEAA-42E6E0AEF272}.Debug|x86.Build.0 = Debug|Any CPU
		{27B03512-E1E8-4F4B-AEAA-42E6E0AEF272}.Release|Any CPU.ActiveCfg = Release|Any CPU
		{27B03512-E1E8-4F4B-AEAA-42E6E0AEF272}.Release|Any CPU.Build.0 = Release|Any CPU
		{27B03512-E1E8-4F4B-AEAA-42E6E0AEF272}.Release|x64.ActiveCfg = Release|Any CPU
		{27B03512-E1E8-4F4B-AEAA-42E6E0AEF272}.Release|x64.Build.0 = Release|Any CPU
		{27B03512-E1E8-4F4B-AEAA-42E6E0AEF272}.Release|x86.ActiveCfg = Release|Any CPU
		{27B03512-E1E8-4F4B-AEAA-42E6E0AEF272}.Release|x86.Build.0 = Release|Any CPU
		{CE96A52E-25F7-4253-8590-A6C07B22E60E}.Debug|Any CPU.ActiveCfg = Debug|Any CPU
		{CE96A52E-25F7-4253-8590-A6C07B22E60E}.Debug|Any CPU.Build.0 = Debug|Any CPU
		{CE96A52E-25F7-4253-8590-A6C07B22E60E}.Debug|x64.ActiveCfg = Debug|Any CPU
		{CE96A52E-25F7-4253-8590-A6C07B22E60E}.Debug|x64.Build.0 = Debug|Any CPU
		{CE96A52E-25F7-4253-8590-A6C07B22E60E}.Debug|x86.ActiveCfg = Debug|Any CPU
		{CE96A52E-25F7-4253-8590-A6C07B22E60E}.Debug|x86.Build.0 = Debug|Any CPU
		{CE96A52E-25F7-4253-8590-A6C07B22E60E}.Release|Any CPU.ActiveCfg = Release|Any CPU
		{CE96A52E-25F7-4253-8590-A6C07B22E60E}.Release|Any CPU.Build.0 = Release|Any CPU
		{CE96A52E-25F7-4253-8590-A6C07B22E60E}.Release|x64.ActiveCfg = Release|Any CPU
		{CE96A52E-25F7-4253-8590-A6C07B22E60E}.Release|x64.Build.0 = Release|Any CPU
		{CE96A52E-25F7-4253-8590-A6C07B22E60E}.Release|x86.ActiveCfg = Release|Any CPU
		{CE96A52E-25F7-4253-8590-A6C07B22E60E}.Release|x86.Build.0 = Release|Any CPU
		{B1B5F84D-1255-4162-A656-85FB26AB42A1}.Debug|Any CPU.ActiveCfg = Debug|Any CPU
		{B1B5F84D-1255-4162-A656-85FB26AB42A1}.Debug|Any CPU.Build.0 = Debug|Any CPU
		{B1B5F84D-1255-4162-A656-85FB26AB42A1}.Debug|x64.ActiveCfg = Debug|Any CPU
		{B1B5F84D-1255-4162-A656-85FB26AB42A1}.Debug|x64.Build.0 = Debug|Any CPU
		{B1B5F84D-1255-4162-A656-85FB26AB42A1}.Debug|x86.ActiveCfg = Debug|Any CPU
		{B1B5F84D-1255-4162-A656-85FB26AB42A1}.Debug|x86.Build.0 = Debug|Any CPU
		{B1B5F84D-1255-4162-A656-85FB26AB42A1}.Release|Any CPU.ActiveCfg = Release|Any CPU
		{B1B5F84D-1255-4162-A656-85FB26AB42A1}.Release|Any CPU.Build.0 = Release|Any CPU
		{B1B5F84D-1255-4162-A656-85FB26AB42A1}.Release|x64.ActiveCfg = Release|Any CPU
		{B1B5F84D-1255-4162-A656-85FB26AB42A1}.Release|x64.Build.0 = Release|Any CPU
		{B1B5F84D-1255-4162-A656-85FB26AB42A1}.Release|x86.ActiveCfg = Release|Any CPU
		{B1B5F84D-1255-4162-A656-85FB26AB42A1}.Release|x86.Build.0 = Release|Any CPU
	EndGlobalSection
EndGlobal
